
Microsoft Visual Studio Solution File, Format Version 12.00
Project("{FAE04EC0-301F-11D3-BF4B-00C04F79EFBC}") = "JogoForca_21210", "JogoForca_21210.csproj", "{62956791-5FC2-499D-80F5-A508648C0E44}"
EndProject
Global
	GlobalSection(SolutionConfigurationPlatforms) = preSolution
		Debug|Any CPU = Debug|Any CPU
		Release|Any CPU = Release|Any CPU
	EndGlobalSection
	GlobalSection(ProjectConfigurationPlatforms) = postSolution
		{62956791-5FC2-499D-80F5-A508648C0E44}.Debug|Any CPU.ActiveCfg = Debug|Any CPU
		{62956791-5FC2-499D-80F5-A508648C0E44}.Debug|Any CPU.Build.0 = Debug|Any CPU
		{62956791-5FC2-499D-80F5-A508648C0E44}.Release|Any CPU.ActiveCfg = Release|Any CPU
		{62956791-5FC2-499D-80F5-A508648C0E44}.Release|Any CPU.Build.0 = Release|Any CPU
	EndGlobalSection
EndGlobal
